lockfileVersion: '9.0'

settings:
  autoInstallPeers: true
  excludeLinksFromLockfile: false

importers:

  .:
    dependencies:
      '@babel/parser':
        specifier: ^8.0.0
        version: 8.0.0
      '@babel/traverse':
        specifier: ^8.0.0
        version: 8.0.0
      code-inspector-plugin:
        specifier: '>=1.0.0'
        version: 1.6.2
      unplugin:
        specifier: ^3.3.0
        version: 3.3.0(rolldown@1.1.1)
    devDependencies:
      rolldown:
        specifier: ^1.0.0-rc.12
        version: 1.1.1

packages:

  '@babel/code-frame@8.0.0':
    resolution: {integrity: sha512-dYYg153EyN2Ekbqw2zAsbd6/JR+9N2SEoC7YV2GyyqMM7x9bLDTjBD6XBhSMLH0wtIVyJj03jWNriQhaN+eoCw==}
    engines: {node: ^22.18.0 || >=24.11.0}

  '@babel/generator@8.0.0':
    resolution: {integrity: sha512-NT9NrVwJsbSV6Y2FSstWa71EETOnzrjkL5/wX3D2mYHtKM+qvqB1DvR4D0Setb/gDBsHzRICifwEWMO8CnTF6g==}
    engines: {node: ^22.18.0 || >=24.11.0}

  '@babel/helper-globals@8.0.0':
    resolution: {integrity: sha512-lLozHOM6sWWlxNo8CYqHy4MBZeTvHXNgVPBfPOGsjPKUzHC2Az9QwB6gxdQmpwHl6GlQtbGgS+lj5887guDiLw==}
    engines: {node: ^22.18.0 || >=24.11.0}

  '@babel/helper-string-parser@7.29.7':
    resolution: {integrity: sha512-Pb5ijPrZ89GDH8223L4UP8i6QApWxs04RbPQJTeWDV0/keR2E36MeKnyr6LYmUUvqRRI+Iv87SuF1W6ErINzYw==}
    engines: {node: '>=6.9.0'}

  '@babel/helper-string-parser@8.0.0':
    resolution: {integrity: sha512-6mJgmFFFIIO82vvoLt9XtRC7/TkzXfts1t/SpRX4IHSzMgqoPYCWesVu1udUPUWioAE/2fcG6WuI8zrkE1gwrg==}
    engines: {node: ^22.18.0 || >=24.11.0}

  '@babel/helper-validator-identifier@7.29.7':
    resolution: {integrity: sha512-qehxGkRj55h/ff8EMaJ+cYhyaKlHIxqYDn682wQD7RNp9UujOQsHog2uS0r2vzr4pW+sXf90NeeayjcNaX3fFg==}
    engines: {node: '>=6.9.0'}

  '@babel/helper-validator-identifier@8.0.0':
    resolution: {integrity: sha512-kXxQVZHNOctSJJsqzmcbPSCEkM6oHNnDIkua7g9RCO9xRHj2eCiKvRx2KPdfWR9QxcGWnK/oArrtunmie3rL9g==}
    engines: {node: ^22.18.0 || >=24.11.0}

  '@babel/parser@7.29.7':
    resolution: {integrity: sha512-hnORnjP/1P/zFEndoeX+n+t1RwWRJiJpM/jO7FW32Kn9r5+sJB2JWOdYo4L6k78j15eCwY3Gm/7364B1EMwtNg==}
    engines: {node: '>=6.0.0'}
    hasBin: true

  '@babel/parser@8.0.0':
    resolution: {integrity: sha512-aLxAE+imI9bCcyaPrUDjBv3uSkWieifjLe0kuFOZF0zli0L6GCsTmsePnTr55adbIAgYz2zhN1vnFimCBUYcRQ==}
    engines: {node: ^22.18.0 || >=24.11.0}
    hasBin: true

  '@babel/template@8.0.0':
    resolution: {integrity: sha512-eAD0QW/AlbamBbw0FeGiwasbCVPq5ncW0HNVyLP3B9czqLyh4gvw+5JTSNt6le9+ziAU7mqDZsKTHf3jTb4chQ==}
    engines: {node: ^22.18.0 || >=24.11.0}

  '@babel/traverse@8.0.0':
    resolution: {integrity: sha512-bxTj/W2VclGE6CctlfQOpxg8MPDzXArRqkOBePw8EHfebcjF7fETWSS3BriEECo+UiU/Yblq+xUtSImFu7cTbw==}
    engines: {node: ^22.18.0 || >=24.11.0}

  '@babel/types@7.29.7':
    resolution: {integrity: sha512-4zBIxpPzowiZpusoFkyGVwakdRJUyuH5PxQ/PrqghfdFWWasvnCdPfQXHrenDai+gyLARulZjZowCOj6fjT4pA==}
    engines: {node: '>=6.9.0'}

  '@babel/types@8.0.0':
    resolution: {integrity: sha512-K8ponJDxBwDHigkeFqaqT5wLGl4bTlwMafR8k7b5CPxr6Ww+UG9ls8Yx6Tcpboxu97eeGVEEyKcHmEyOwN1vSw==}
    engines: {node: ^22.18.0 || >=24.11.0}

  '@code-inspector/core@1.6.2':
    resolution: {integrity: sha512-9VmQN16BQWWMNm/QiV9z/deFoWiCsTvPwBfvDHOxU//ew99W1+u9uQIhy7KncNCDlTgem2D/cZTShqPKN4itTw==}

  '@code-inspector/esbuild@1.6.2':
    resolution: {integrity: sha512-YzwIBlNIyOTLS6uI6sYxTDMkbRJ+u2QB25z8luIx7jLiK3TWZu+NA1sd2tB4p/TNy1SKZ2+MsjNanEuXaOinqw==}

  '@code-inspector/mako@1.6.2':
    resolution: {integrity: sha512-d1Lk6+L0OS0xfyqOSIkF9+z3RfatVQx8zTnVZBgHhpKBzE7p/fROKlGhdGK7uMstHxlAUlsO2+ykNP3jPGmHWw==}

  '@code-inspector/turbopack@1.6.2':
    resolution: {integrity: sha512-rWeFxJxVH8mhApMCmvpzYLpBOxNTbZkxCTRAm9mKEm/YvMpghg1Y8EBXD9EezyQKia2biBIoLAnlB29TJsXawg==}

  '@code-inspector/vite@1.6.2':
    resolution: {integrity: sha512-JRlxN+EKe2k3SMDimvAFkpQumZuhZOX68tiSnyg1wBz1gFNQYNUVlK/BYMkPTeeFu1rJcFGMwQNWw9lBaFsvEg==}

  '@code-inspector/webpack@1.6.2':
    resolution: {integrity: sha512-eFwDZjLH83Pp3tl+tor7Zvc40A54mGB5Ybh/g8/y8s9991Y9eznaBhfM5IHZczXUeeFqkqCi2I8u6TbBTMPUpw==}

  '@emnapi/core@1.11.0':
    resolution: {integrity: sha512-l9Oo58x0HOP5znGzVhYW9U3e5wVuA4LAZU2AGezTmkhO1CgQRFDhDg4nneHsu/t3WniXg9QrG2nIXL/ZS8ln8Q==}

  '@emnapi/runtime@1.11.0':
    resolution: {integrity: sha512-55coeOFKHv1ywEcUXJtWU5f+Jr/W5tZDvZig8DLKSwUN1JpROQ4rk/SNOQiFWmaR/VKF4zuFyW1B8JduOSv6Pg==}

  '@emnapi/wasi-threads@1.2.2':
    resolution: {integrity: sha512-c95qOXkHdydNKhscBTebqEC1CVAZpyqOfVfBzQ1qgzyl3gfeldUjIggDbIZgDKsHLgnsM+igH7TJ/eAasaVuMA==}

  '@jridgewell/gen-mapping@0.3.13':
    resolution: {integrity: sha512-2kkt/7niJ6MgEPxF0bYdQ6etZaA+fQvDcLKckhy1yIQOzaoKjBBjSj63/aLVjYE3qhRt5dvM+uUyfCg6UKCBbA==}

  '@jridgewell/remapping@2.3.5':
    resolution: {integrity: sha512-LI9u/+laYG4Ds1TDKSJW2YPrIlcVYOwi2fUC6xB43lueCjgxV4lffOCZCtYFiH6TNOX+tQKXx97T4IKHbhyHEQ==}

  '@jridgewell/resolve-uri@3.1.2':
    resolution: {integrity: sha512-bRISgCIjP20/tbWSPWMEi54QVPRZExkuD9lJL+UIxUKtwVJA8wW1Trb1jMs1RFXo1CBTNZ/5hpC9QvmKWdopKw==}
    engines: {node: '>=6.0.0'}

  '@jridgewell/sourcemap-codec@1.5.5':
    resolution: {integrity: sha512-cYQ9310grqxueWbl+WuIUIaiUaDcj7WOq5fVhEljNVgRfOUhY9fy2zTvfoqWsnebh8Sl70VScFbICvJnLKB0Og==}

  '@jridgewell/trace-mapping@0.3.31':
    resolution: {integrity: sha512-zzNR+SdQSDJzc8joaeP8QQoCQr8NuYx2dIIytl1QeBEZHJ9uW6hebsrYgbz8hJwUQao3TWCMtmfV8Nu1twOLAw==}

  '@napi-rs/wasm-runtime@1.1.5':
    resolution: {integrity: sha512-AWPoBRJ9tsnVhor4sjO7rkni+7p+2IAEFj6cx06UgP10jkQHqay/36uRV/bFkgrh18D9vb4cr8Q0Pthskgzy+Q==}
    peerDependencies:
      '@emnapi/core': ^1.7.1
      '@emnapi/runtime': ^1.7.1

  '@oxc-project/types@0.135.0':
    resolution: {integrity: sha512-wR+xRdFkUBMvcAjBJ2q2kcZM6d+DKu2NgoOyxZgYwZdLhmiv6+rnO8PZ/P68kMiZtIKm+pW7zyEJ4kSOs0vo+Q==}

  '@rolldown/binding-android-arm64@1.1.1':
    resolution: {integrity: sha512-BLf9Wak/gfwVb7NQTQW4wBgL3oAfPy7ArEkhwV543OVw/uY6B47z5xYsqPSZ9PDOorvURPinws6ThaFuNgGLgA==}
    engines: {node: ^20.19.0 || >=22.12.0}
    cpu: [arm64]
    os: [android]

  '@rolldown/binding-darwin-arm64@1.1.1':
    resolution: {integrity: sha512-rRZRPy/Ynb+Mxu0O6tfPldHeDgAn0sRij+IOUy6sFdUlv3hArGW/DloE3GfAxtqpOJuRNgF74Nr5gM4xBeU2jQ==}
    engines: {node: ^20.19.0 || >=22.12.0}
    cpu: [arm64]
    os: [darwin]

  '@rolldown/binding-darwin-x64@1.1.1':
    resolution: {integrity: sha512-/MtefPxhKPyWWFM8L45OWiEqRf+eSU2Qv9ZAyTaoZOoGcoPKxbbhjTJO2/U2IThv0uDZ4NWHc3/oTsR6IEOtww==}
    engines: {node: ^20.19.0 || >=22.12.0}
    cpu: [x64]
    os: [darwin]

  '@rolldown/binding-freebsd-x64@1.1.1':
    resolution: {integrity: sha512-202K+cpIi1kx/Zn7AtxBi4LTXSY67Aszb2K9rNsuW7FeBeh0nqoNmYLOSZidV0p88VPBzMmTZcHAdPNo3kRYzQ==}
    engines: {node: ^20.19.0 || >=22.12.0}
    cpu: [x64]
    os: [freebsd]

  '@rolldown/binding-linux-arm-gnueabihf@1.1.1':
    resolution: {integrity: sha512-wl9NfeXNUwrXtUc063tddmZFUI6qiNs1CNOwni0OL4vC7MqVSYugra3ZgtDmtVy8e0DluJTENmzIv2BwqLzT4Q==}
    engines: {node: ^20.19.0 || >=22.12.0}
    cpu: [arm]
    os: [linux]

  '@rolldown/binding-linux-arm64-gnu@1.1.1':
    resolution: {integrity: sha512-at2EO4o7D/PJLC4Xik16bU4CcjQE2tSv1LfqMA0TRYQYQihRm3gZeDB8xaX28A9SFedibcAk5DeMCKt4REKG0A==}
    engines: {node: ^20.19.0 || >=22.12.0}
    cpu: [arm64]
    os: [linux]
    libc: [glibc]

  '@rolldown/binding-linux-arm64-musl@1.1.1':
    resolution: {integrity: sha512-5PUjZx366h9tkJTPJF5eibxOlK3sGoeRiBJLLjjEB5/kLDuhr6qB3LkhqLz1smXNgsX+pBhnbcJBrPE30HznAA==}
    engines: {node: ^20.19.0 || >=22.12.0}
    cpu: [arm64]
    os: [linux]
    libc: [musl]

  '@rolldown/binding-linux-ppc64-gnu@1.1.1':
    resolution: {integrity: sha512-1WK84XPeio3tjP1sM/TMXiC0G1i1iq1qGZ71KfNQjEFLU1kwD+Cv5T8nGySg/JUFwLbaScu6ve9DmeXlmqpkFA==}
    engines: {node: ^20.19.0 || >=22.12.0}
    cpu: [ppc64]
    os: [linux]
    libc: [glibc]

  '@rolldown/binding-linux-s390x-gnu@1.1.1':
    resolution: {integrity: sha512-1nS1X5z1uMJ369RU25hTpKCFvUwXZp12dIzlzk4S+UxCTcSVGsAE6tzkOSufv/7jnmAtK0ZlrsJxh2fGmsnVSw==}
    engines: {node: ^20.19.0 || >=22.12.0}
    cpu: [s390x]
    os: [linux]
    libc: [glibc]

  '@rolldown/binding-linux-x64-gnu@1.1.1':
    resolution: {integrity: sha512-NwX/wspnq4vYyMFsqbYvzums3ki/Tk8FZbMzMAovPDp3OfLeYKby/D+9osokadXuYEV3OvpeHlwnr/bG8QMixA==}
    engines: {node: ^20.19.0 || >=22.12.0}
    cpu: [x64]
    os: [linux]
    libc: [glibc]

  '@rolldown/binding-linux-x64-musl@1.1.1':
    resolution: {integrity: sha512-+n46LhDrJFQM+229y4oXtVpj1G50U/+XuHMlpnisFTEXhrg9f/YIjp/HymX+PVJjBEr7XHRs3CFLelV464pqwA==}
    engines: {node: ^20.19.0 || >=22.12.0}
    cpu: [x64]
    os: [linux]
    libc: [musl]

  '@rolldown/binding-openharmony-arm64@1.1.1':
    resolution: {integrity: sha512-qGwEu47zOWYo7LdRHhCWTNhzwGtxXpdY6CERs8QEOqC0PXGGics/e3vHnyEUKt8xK6YkbZXFUCeklrpB6js8ag==}
    engines: {node: ^20.19.0 || >=22.12.0}
    cpu: [arm64]
    os: [openharmony]

  '@rolldown/binding-wasm32-wasi@1.1.1':
    resolution: {integrity: sha512-qczfgEH8u0wHGGOXtA7UMAybNKuQjjEXairyQaw4WzjiMztfbgatG1h4OKays/smhtwbWltpKCRGtVhU6h40Sg==}
    engines: {node: ^20.19.0 || >=22.12.0}
    cpu: [wasm32]

  '@rolldown/binding-win32-arm64-msvc@1.1.1':
    resolution: {integrity: sha512-4psXSh63mSbwJF+mB8/9yfUUEzBiHYcUjxa32EO9ZwKy0Ypwjcg4F10D8SvVXgd+isy2UUUjF9HJJnDu1T/4Gg==}
    engines: {node: ^20.19.0 || >=22.12.0}
    cpu: [arm64]
    os: [win32]

  '@rolldown/binding-win32-x64-msvc@1.1.1':
    resolution: {integrity: sha512-MUvC/HLXVjzkQkWiExdVTEEWf0py+GfWm8WKSZsekG3ih6a21iy0BHPF07X3JIf3ifoklZXTIaHTLPBgH1C3dw==}
    engines: {node: ^20.19.0 || >=22.12.0}
    cpu: [x64]
    os: [win32]

  '@rolldown/pluginutils@1.0.1':
    resolution: {integrity: sha512-2j9bGt5Jh8hj+vPtgzPtl72j0yRxHAyumoo6TNfAjsLB04UtpSvPbPcDcBMxz7n+9CYB0c1GxQFxYRg2jimqGw==}

  '@tybys/wasm-util@0.10.2':
    resolution: {integrity: sha512-RoBvJ2X0wuKlWFIjrwffGw1IqZHKQqzIchKaadZZfnNpsAYp2mM0h36JtPCjNDAHGgYez/15uMBpfGwchhiMgg==}

  '@types/jsesc@2.5.1':
    resolution: {integrity: sha512-9VN+6yxLOPLOav+7PwjZbxiID2bVaeq0ED4qSQmdQTdjnXJSaCVKTR58t15oqH1H5t8Ng2ZX1SabJVoN9Q34bw==}

  '@vue/compiler-core@3.5.39':
    resolution: {integrity: sha512-16KBTEXAJCpDr0mwlw+AZyhu8iyC7R3S2vBwsI7QnWJU6X3WKc9VKeNEZpiMdZ569qWhz9574L3vV55qRL0Vtw==}

  '@vue/compiler-dom@3.5.39':
    resolution: {integrity: sha512-oQPigALqYbNxTNPvNgSOe+czwVExfbVF02lz8jP0S3AXJiu3jxYDygNUiqSep4ezzW8XgnubqH63My2A7JR/vg==}

  '@vue/shared@3.5.39':
    resolution: {integrity: sha512-l1rrBtBfTnmxvtsvdQDXltUUy8S1Y+ZaqdfUzmAnJkTd8Z8rv5v/ytW+TKiqEOWyHPoqtPlNFSs0lhRmYVSHVA==}

  ansi-styles@4.3.0:
    resolution: {integrity: sha512-zbB9rCJAT1rbjiVDb2hqKFHNYLxgtk8NURxZ3IZwD3F6NtxbXZQCnnSi1Lkx+IDohdPlFp222wVALIheZJQSEg==}
    engines: {node: '>=8'}

  async@3.2.6:
    resolution: {integrity: sha512-htCUDlxyyCLMgaM3xXg0C0LW2xqfuQ6p05pCEIsXuyQ+a1koYKTuBMzRNwmybfLgvJDMd0r1LTn4+E0Ti6C2AA==}

  chalk@4.1.1:
    resolution: {integrity: sha512-diHzdDKxcU+bAsUboHLPEDQiw0qEe0qd7SYUn3HgcFlWgbDcfLGswOHYeGrHKzG9z6UYf01d9VFMfZxPM1xZSg==}
    engines: {node: '>=10'}

  code-inspector-plugin@1.6.2:
    resolution: {integrity: sha512-AuMiD3d+wiICwZ55JOUlotwcCoDLA307ZVWXu3B6X4qS4hNpdDIipNLPsBQxKxBmh71jnddARNeCj8EXrvvZQA==}

  color-convert@2.0.1:
    resolution: {integrity: sha512-RRECPsj7iu/xb5oKYcsFHSppFNnsj/52OVTRKb4zP5onXwVF3zVmmToNcOfGC+CRDpfK/U584fMg38ZHCaElKQ==}
    engines: {node: '>=7.0.0'}

  color-name@1.1.4:
    resolution: {integrity: sha512-dOy+3AuW3a2wNbZHIuMZpTcgjGuLU/uBL/ubcZF9OXbDo8ff4O8yVp5Bf0efS8uEoYo5q4Fx7dY9OgQGXgAsQA==}

  debug@4.4.3:
    resolution: {integrity: sha512-RGwwWnwQvkVfavKVt22FGLw+xYSdzARwm0ru6DhTVA3umU5hZc28V3kO4stgYryrTlLpuvgI9GiijltAjNbcqA==}
    engines: {node: '>=6.0'}
    peerDependencies:
      supports-color: '*'
    peerDependenciesMeta:
      supports-color:
        optional: true

  dotenv@16.6.1:
    resolution: {integrity: sha512-uBq4egWHTcTt33a72vpSG0z3HnPuIl6NqYcTrKEg2azoEyl2hpW0zqlxysq2pK9HlDIHyHyakeYaYnSAwd8bow==}
    engines: {node: '>=12'}

  entities@7.0.1:
    resolution: {integrity: sha512-TWrgLOFUQTH994YUyl1yT4uyavY5nNB5muff+RtWaqNVCAK408b5ZnnbNAUEWLTCpum9w6arT70i1XdQ4UeOPA==}
    engines: {node: '>=0.12'}

  estree-walker@2.0.2:
    resolution: {integrity: sha512-Rfkk/Mp/DL7JVje3u18FxFujQlTNR2q6QfMSMB7AvCBx91NGj/ba3kCfza0f6dVDbw7YlRf/nDrn7pQrCCyQ/w==}

  has-flag@4.0.0:
    resolution: {integrity: sha512-EykJT/Q1KjTWctppgIAgfSO0tKVuZUjhgMr17kqTumMl6Afv3EISleU7qZUzoXDFTAHTDC4NOoG/ZxU3EvlMPQ==}
    engines: {node: '>=8'}

  js-tokens@10.0.0:
    resolution: {integrity: sha512-lM/UBzQmfJRo9ABXbPWemivdCW8V2G8FHaHdypQaIy523snUjog0W71ayWXTjiR+ixeMyVHN2XcpnTd/liPg/Q==}

  jsesc@3.1.0:
    resolution: {integrity: sha512-/sM3dO2FOzXjKQhJuo0Q173wf2KOo8t4I8vHy6lF9poUp7bKT0/NHE8fPX23PwfhnykfqnC2xRxOnVw5XuGIaA==}
    engines: {node: '>=6'}
    hasBin: true

  launch-ide@1.4.3:
    resolution: {integrity: sha512-v2xMAarJOFy51kuesYEIIx5r4WHvsV+VLMU49K24bdiRZGUpo1ZulO1DRrLozM5BMbXUfRfrUTM2PbBfYCeA4Q==}

  ms@2.1.3:
    resolution: {integrity: sha512-6FlzubTLZG3J2a/NVCAleEhjzq5oxgHyaCU9yYXvcLsvoVaHJq/s5xXI6/XXP6tz7R9xAOtHnSO/tXtF3WRTlA==}

  obug@2.1.3:
    resolution: {integrity: sha512-9miFgM2OFba7hB+pRgvtV84pYTBaoTHohvmIgiRt6dRIzbwEOIaNaP+dIlGs2fNFoB0SeISs0Jz5WFVRid6Xyg==}
    engines: {node: '>=12.20.0'}

  picomatch@4.0.4:
    resolution: {integrity: sha512-QP88BAKvMam/3NxH6vj2o21R6MjxZUAd6nlwAS/pnGvN9IVLocLHxGYIzFhg6fUQ+5th6P4dv4eW9jX3DSIj7A==}
    engines: {node: '>=12'}

  portfinder@1.0.38:
    resolution: {integrity: sha512-rEwq/ZHlJIKw++XtLAO8PPuOQA/zaPJOZJ37BVuN97nLpMJeuDVLVGRwbFoBgLudgdTMP2hdRJP++H+8QOA3vg==}
    engines: {node: '>= 10.12'}

  rolldown@1.1.1:
    resolution: {integrity: sha512-IN750c0p+s3jqJIsFLRZrQazmbAB1kkQDTtQjSt/gbS2ywLhlv4R5Shazer0FZKmuo/BsO3/w2UoYnUjuOZqHg==}
    engines: {node: ^20.19.0 || >=22.12.0}
    hasBin: true

  source-map-js@1.2.1:
    resolution: {integrity: sha512-UXWMKhLOwVKb728IUtQPXxfYU+usdybtUrK/8uGE8CQMvrhOpwvzDBwj0QhSL7MQc7vIsISBG8VQ8+IDQxpfQA==}
    engines: {node: '>=0.10.0'}

  supports-color@7.2.0:
    resolution: {integrity: sha512-qpCAvRl9stuOHveKsn7HncJRvv501qIacKzQlO/+Lwxc9+0q2wLyv4Dfvt80/DPn2pqOBsJdDiogXGR9+OvwRw==}
    engines: {node: '>=8'}

  tslib@2.8.1:
    resolution: {integrity: sha512-oJFu94HQb+KVduSUQL7wnpmqnfmLsOA/nAh6b6EH0wCEoK0/mPeXU6c3wKDV83MkOuHPRHtSXKKU99IBazS/2w==}

  unplugin@3.3.0:
    resolution: {integrity: sha512-qa66K+crbfyE6JK10GjvbJeRrOsuC/JpbnHctfyp/i4oBTxWOzJfRZyDiOk1PtErMFRu8JhsU/wPvOdBNWe5Rg==}
    engines: {node: ^20.19.0 || >=22.12.0}
    peerDependencies:
      '@farmfe/core': '*'
      '@rspack/core': '*'
      bun-types-no-globals: '*'
      esbuild: '*'
      rolldown: '*'
      rollup: '*'
      unloader: '*'
      vite: '*'
      webpack: '*'
    peerDependenciesMeta:
      '@farmfe/core':
        optional: true
      '@rspack/core':
        optional: true
      bun-types-no-globals:
        optional: true
      esbuild:
        optional: true
      rolldown:
        optional: true
      rollup:
        optional: true
      unloader:
        optional: true
      vite:
        optional: true
      webpack:
        optional: true

  webpack-virtual-modules@0.6.2:
    resolution: {integrity: sha512-66/V2i5hQanC51vBQKPH4aI8NMAcBW59FVBs+rC7eGHupMyfn34q7rZIE+ETlJ+XTevqfUhVVBgSUNSW2flEUQ==}

snapshots:

  '@babel/code-frame@8.0.0':
    dependencies:
      '@babel/helper-validator-identifier': 8.0.0
      js-tokens: 10.0.0

  '@babel/generator@8.0.0':
    dependencies:
      '@babel/parser': 8.0.0
      '@babel/types': 8.0.0
      '@jridgewell/gen-mapping': 0.3.13
      '@jridgewell/trace-mapping': 0.3.31
      '@types/jsesc': 2.5.1
      jsesc: 3.1.0

  '@babel/helper-globals@8.0.0': {}

  '@babel/helper-string-parser@7.29.7': {}

  '@babel/helper-string-parser@8.0.0': {}

  '@babel/helper-validator-identifier@7.29.7': {}

  '@babel/helper-validator-identifier@8.0.0': {}

  '@babel/parser@7.29.7':
    dependencies:
      '@babel/types': 7.29.7

  '@babel/parser@8.0.0':
    dependencies:
      '@babel/types': 8.0.0

  '@babel/template@8.0.0':
    dependencies:
      '@babel/code-frame': 8.0.0
      '@babel/parser': 8.0.0
      '@babel/types': 8.0.0

  '@babel/traverse@8.0.0':
    dependencies:
      '@babel/code-frame': 8.0.0
      '@babel/generator': 8.0.0
      '@babel/helper-globals': 8.0.0
      '@babel/parser': 8.0.0
      '@babel/template': 8.0.0
      '@babel/types': 8.0.0
      obug: 2.1.3

  '@babel/types@7.29.7':
    dependencies:
      '@babel/helper-string-parser': 7.29.7
      '@babel/helper-validator-identifier': 7.29.7

  '@babel/types@8.0.0':
    dependencies:
      '@babel/helper-string-parser': 8.0.0
      '@babel/helper-validator-identifier': 8.0.0

  '@code-inspector/core@1.6.2':
    dependencies:
      '@vue/compiler-dom': 3.5.39
      chalk: 4.1.1
      dotenv: 16.6.1
      launch-ide: 1.4.3
      portfinder: 1.0.38
    transitivePeerDependencies:
      - supports-color

  '@code-inspector/esbuild@1.6.2':
    dependencies:
      '@code-inspector/core': 1.6.2
    transitivePeerDependencies:
      - supports-color

  '@code-inspector/mako@1.6.2':
    dependencies:
      '@code-inspector/core': 1.6.2
    transitivePeerDependencies:
      - supports-color

  '@code-inspector/turbopack@1.6.2':
    dependencies:
      '@code-inspector/core': 1.6.2
      '@code-inspector/webpack': 1.6.2
    transitivePeerDependencies:
      - supports-color

  '@code-inspector/vite@1.6.2':
    dependencies:
      '@code-inspector/core': 1.6.2
      chalk: 4.1.1
    transitivePeerDependencies:
      - supports-color

  '@code-inspector/webpack@1.6.2':
    dependencies:
      '@code-inspector/core': 1.6.2
    transitivePeerDependencies:
      - supports-color

  '@emnapi/core@1.11.0':
    dependencies:
      '@emnapi/wasi-threads': 1.2.2
      tslib: 2.8.1
    optional: true

  '@emnapi/runtime@1.11.0':
    dependencies:
      tslib: 2.8.1
    optional: true

  '@emnapi/wasi-threads@1.2.2':
    dependencies:
      tslib: 2.8.1
    optional: true

  '@jridgewell/gen-mapping@0.3.13':
    dependencies:
      '@jridgewell/sourcemap-codec': 1.5.5
      '@jridgewell/trace-mapping': 0.3.31

  '@jridgewell/remapping@2.3.5':
    dependencies:
      '@jridgewell/gen-mapping': 0.3.13
      '@jridgewell/trace-mapping': 0.3.31

  '@jridgewell/resolve-uri@3.1.2': {}

  '@jridgewell/sourcemap-codec@1.5.5': {}

  '@jridgewell/trace-mapping@0.3.31':
    dependencies:
      '@jridgewell/resolve-uri': 3.1.2
      '@jridgewell/sourcemap-codec': 1.5.5

  '@napi-rs/wasm-runtime@1.1.5(@emnapi/core@1.11.0)(@emnapi/runtime@1.11.0)':
    dependencies:
      '@emnapi/core': 1.11.0
      '@emnapi/runtime': 1.11.0
      '@tybys/wasm-util': 0.10.2
    optional: true

  '@oxc-project/types@0.135.0': {}

  '@rolldown/binding-android-arm64@1.1.1':
    optional: true

  '@rolldown/binding-darwin-arm64@1.1.1':
    optional: true

  '@rolldown/binding-darwin-x64@1.1.1':
    optional: true

  '@rolldown/binding-freebsd-x64@1.1.1':
    optional: true

  '@rolldown/binding-linux-arm-gnueabihf@1.1.1':
    optional: true

  '@rolldown/binding-linux-arm64-gnu@1.1.1':
    optional: true

  '@rolldown/binding-linux-arm64-musl@1.1.1':
    optional: true

  '@rolldown/binding-linux-ppc64-gnu@1.1.1':
    optional: true

  '@rolldown/binding-linux-s390x-gnu@1.1.1':
    optional: true

  '@rolldown/binding-linux-x64-gnu@1.1.1':
    optional: true

  '@rolldown/binding-linux-x64-musl@1.1.1':
    optional: true

  '@rolldown/binding-openharmony-arm64@1.1.1':
    optional: true

  '@rolldown/binding-wasm32-wasi@1.1.1':
    dependencies:
      '@emnapi/core': 1.11.0
      '@emnapi/runtime': 1.11.0
      '@napi-rs/wasm-runtime': 1.1.5(@emnapi/core@1.11.0)(@emnapi/runtime@1.11.0)
    optional: true

  '@rolldown/binding-win32-arm64-msvc@1.1.1':
    optional: true

  '@rolldown/binding-win32-x64-msvc@1.1.1':
    optional: true

  '@rolldown/pluginutils@1.0.1': {}

  '@tybys/wasm-util@0.10.2':
    dependencies:
      tslib: 2.8.1
    optional: true

  '@types/jsesc@2.5.1': {}

  '@vue/compiler-core@3.5.39':
    dependencies:
      '@babel/parser': 7.29.7
      '@vue/shared': 3.5.39
      entities: 7.0.1
      estree-walker: 2.0.2
      source-map-js: 1.2.1

  '@vue/compiler-dom@3.5.39':
    dependencies:
      '@vue/compiler-core': 3.5.39
      '@vue/shared': 3.5.39

  '@vue/shared@3.5.39': {}

  ansi-styles@4.3.0:
    dependencies:
      color-convert: 2.0.1

  async@3.2.6: {}

  chalk@4.1.1:
    dependencies:
      ansi-styles: 4.3.0
      supports-color: 7.2.0

  code-inspector-plugin@1.6.2:
    dependencies:
      '@code-inspector/core': 1.6.2
      '@code-inspector/esbuild': 1.6.2
      '@code-inspector/mako': 1.6.2
      '@code-inspector/turbopack': 1.6.2
      '@code-inspector/vite': 1.6.2
      '@code-inspector/webpack': 1.6.2
      chalk: 4.1.1
    transitivePeerDependencies:
      - supports-color

  color-convert@2.0.1:
    dependencies:
      color-name: 1.1.4

  color-name@1.1.4: {}

  debug@4.4.3:
    dependencies:
      ms: 2.1.3

  dotenv@16.6.1: {}

  entities@7.0.1: {}

  estree-walker@2.0.2: {}

  has-flag@4.0.0: {}

  js-tokens@10.0.0: {}

  jsesc@3.1.0: {}

  launch-ide@1.4.3:
    dependencies:
      chalk: 4.1.1
      dotenv: 16.6.1

  ms@2.1.3: {}

  obug@2.1.3: {}

  picomatch@4.0.4: {}

  portfinder@1.0.38:
    dependencies:
      async: 3.2.6
      debug: 4.4.3
    transitivePeerDependencies:
      - supports-color

  rolldown@1.1.1:
    dependencies:
      '@oxc-project/types': 0.135.0
      '@rolldown/pluginutils': 1.0.1
    optionalDependencies:
      '@rolldown/binding-android-arm64': 1.1.1
      '@rolldown/binding-darwin-arm64': 1.1.1
      '@rolldown/binding-darwin-x64': 1.1.1
      '@rolldown/binding-freebsd-x64': 1.1.1
      '@rolldown/binding-linux-arm-gnueabihf': 1.1.1
      '@rolldown/binding-linux-arm64-gnu': 1.1.1
      '@rolldown/binding-linux-arm64-musl': 1.1.1
      '@rolldown/binding-linux-ppc64-gnu': 1.1.1
      '@rolldown/binding-linux-s390x-gnu': 1.1.1
      '@rolldown/binding-linux-x64-gnu': 1.1.1
      '@rolldown/binding-linux-x64-musl': 1.1.1
      '@rolldown/binding-openharmony-arm64': 1.1.1
      '@rolldown/binding-wasm32-wasi': 1.1.1
      '@rolldown/binding-win32-arm64-msvc': 1.1.1
      '@rolldown/binding-win32-x64-msvc': 1.1.1

  source-map-js@1.2.1: {}

  supports-color@7.2.0:
    dependencies:
      has-flag: 4.0.0

  tslib@2.8.1:
    optional: true

  unplugin@3.3.0(rolldown@1.1.1):
    dependencies:
      '@jridgewell/remapping': 2.3.5
      picomatch: 4.0.4
      webpack-virtual-modules: 0.6.2
    optionalDependencies:
      rolldown: 1.1.1

  webpack-virtual-modules@0.6.2: {}
